// !$*UTF8*$!
{
	archiveVersion = 1;
	classes = {
	};
	objectVersion = 50;
	objects = {

/* Begin PBXBuildFile section */
		18443DF32374FBC400B37AD8 /* KDBaseViewController.m in Sources */ = {isa = PBXBuildFile; fileRef = 18443DF22374FBC400B37AD8 /* KDBaseViewController.m */; };
		184B69AA237408D300BEF610 /* AppDelegate.m in Sources */ = {isa = PBXBuildFile; fileRef = 184B69A9237408D300BEF610 /* AppDelegate.m */; };
		184B69B2237408D400BEF610 /* Assets.xcassets in Resources */ = {isa = PBXBuildFile; fileRef = 184B69B1237408D400BEF610 /* Assets.xcassets */; };
		184B69B5237408D400BEF610 /* LaunchScreen.storyboard in Resources */ = {isa = PBXBuildFile; fileRef = 184B69B3237408D400BEF610 /* LaunchScreen.storyboard */; };
		184B69B8237408D400BEF610 /* main.m in Sources */ = {isa = PBXBuildFile; fileRef = 184B69B7237408D400BEF610 /* main.m */; };
		184B69C123740B5100BEF610 /* KDMainVC.m in Sources */ = {isa = PBXBuildFile; fileRef = 184B69C023740B5100BEF610 /* KDMainVC.m */; };
		184B69C623740C2E00BEF610 /* KDBaseScrollView.m in Sources */ = {isa = PBXBuildFile; fileRef = 184B69C523740C2E00BEF610 /* KDBaseScrollView.m */; };
		184B69C923740C4E00BEF610 /* KDBaseTableView.m in Sources */ = {isa = PBXBuildFile; fileRef = 184B69C823740C4E00BEF610 /* KDBaseTableView.m */; };
		184B69CC23740C6300BEF610 /* KDBaseTableViewCell.m in Sources */ = {isa = PBXBuildFile; fileRef = 184B69CB23740C6300BEF610 /* KDBaseTableViewCell.m */; };
		184B69CF23740CA500BEF610 /* KDBaseCollectionView.m in Sources */ = {isa = PBXBuildFile; fileRef = 184B69CE23740CA500BEF610 /* KDBaseCollectionView.m */; };
		184B69D223740CC200BEF610 /* KDBaseCollectionViewCell.m in Sources */ = {isa = PBXBuildFile; fileRef = 184B69D123740CC200BEF610 /* KDBaseCollectionViewCell.m */; };
		184B69D62374188D00BEF610 /* KDLeftAlignedVC.m in Sources */ = {isa = PBXBuildFile; fileRef = 184B69D52374188D00BEF610 /* KDLeftAlignedVC.m */; };
		184B69D92374197300BEF610 /* KDLeftAlignedCell.m in Sources */ = {isa = PBXBuildFile; fileRef = 184B69D82374197300BEF610 /* KDLeftAlignedCell.m */; };
		184B69DC2374199400BEF610 /* KDLeftAlignedLayout.m in Sources */ = {isa = PBXBuildFile; fileRef = 184B69DB2374199400BEF610 /* KDLeftAlignedLayout.m */; };
		185B50A223753F44008996D1 /* OnScreenRenderVC.m in Sources */ = {isa = PBXBuildFile; fileRef = 185B50A123753F44008996D1 /* OnScreenRenderVC.m */; };
		185B50A523753F6C008996D1 /* OnScreenRenderCell.m in Sources */ = {isa = PBXBuildFile; fileRef = 185B50A423753F6C008996D1 /* OnScreenRenderCell.m */; };
		185B50AA237543D4008996D1 /* KDFpsLabel.m in Sources */ = {isa = PBXBuildFile; fileRef = 185B50A9237543D4008996D1 /* KDFpsLabel.m */; };
		185B50AE23754C1C008996D1 /* KDPerformanceUtil.m in Sources */ = {isa = PBXBuildFile; fileRef = 185B50AD23754C1C008996D1 /* KDPerformanceUtil.m */; };
		185B50B423756F5B008996D1 /* UIView+AddCorner.m in Sources */ = {isa = PBXBuildFile; fileRef = 185B50B323756F5B008996D1 /* UIView+AddCorner.m */; };
		185B50B723756FA7008996D1 /* OffScreenRenderCell.m in Sources */ = {isa = PBXBuildFile; fileRef = 185B50B623756FA7008996D1 /* OffScreenRenderCell.m */; };
		18A37D7623C428AC003C8C7B /* MyCustomModel.m in Sources */ = {isa = PBXBuildFile; fileRef = 18A37D7523C428AC003C8C7B /* MyCustomModel.m */; };
		18BBAC1D2387B4770033DDA5 /* BottomListVC.m in Sources */ = {isa = PBXBuildFile; fileRef = 18BBAC1C2387B4770033DDA5 /* BottomListVC.m */; };
		18BBAC202387B48C0033DDA5 /* BottomListView.m in Sources */ = {isa = PBXBuildFile; fileRef = 18BBAC1F2387B48C0033DDA5 /* BottomListView.m */; };
		18BBAC242387C7020033DDA5 /* KDWeChatCameraVC.m in Sources */ = {isa = PBXBuildFile; fileRef = 18BBAC232387C7020033DDA5 /* KDWeChatCameraVC.m */; };
		18BBAC302387D4040033DDA5 /* KDWeChatPhotoPreviewView.m in Sources */ = {isa = PBXBuildFile; fileRef = 18BBAC2F2387D4040033DDA5 /* KDWeChatPhotoPreviewView.m */; };
		18BBAC332387D41A0033DDA5 /* KDWeChatCaptureButton.m in Sources */ = {isa = PBXBuildFile; fileRef = 18BBAC322387D41A0033DDA5 /* KDWeChatCaptureButton.m */; };
		18BBAC362387D5AE0033DDA5 /* KDWeChatVideoPreviewVC.m in Sources */ = {isa = PBXBuildFile; fileRef = 18BBAC352387D5AE0033DDA5 /* KDWeChatVideoPreviewVC.m */; };
		F834226F71EF0617D83DB11E /* Pods_Functions.framework in Frameworks */ = {isa = PBXBuildFile; fileRef = CF8D97FC102A8DF767311BD0 /* Pods_Functions.framework */; };
/* End PBXBuildFile section */

/* Begin PBXFileReference section */
		18443DF12374FBC400B37AD8 /* KDBaseViewController.h */ = {isa = PBXFileReference; lastKnownFileType = sourcecode.c.h; path = KDBaseViewController.h; sourceTree = "<group>"; };
		18443DF22374FBC400B37AD8 /* KDBaseViewController.m */ = {isa = PBXFileReference; lastKnownFileType = sourcecode.c.objc; path = KDBaseViewController.m; sourceTree = "<group>"; };
		184B69A5237408D300BEF610 /* Functions.app */ = {isa = PBXFileReference; explicitFileType = wrapper.application; includeInIndex = 0; path = Functions.app; sourceTree = BUILT_PRODUCTS_DIR; };
		184B69A8237408D300BEF610 /* AppDelegate.h */ = {isa = PBXFileReference; lastKnownFileType = sourcecode.c.h; path = AppDelegate.h; sourceTree = "<group>"; };
		184B69A9237408D300BEF610 /* AppDelegate.m */ = {isa = PBXFileReference; lastKnownFileType = sourcecode.c.objc; path = AppDelegate.m; sourceTree = "<group>"; };
		184B69B1237408D400BEF610 /* Assets.xcassets */ = {isa = PBXFileReference; lastKnownFileType = folder.assetcatalog; path = Assets.xcassets; sourceTree = "<group>"; };
		184B69B4237408D400BEF610 /* Base */ = {isa = PBXFileReference; lastKnownFileType = file.storyboard; name = Base; path = Base.lproj/LaunchScreen.storyboard; sourceTree = "<group>"; };
		184B69B6237408D400BEF610 /* Info.plist */ = {isa = PBXFileReference; lastKnownFileType = text.plist.xml; path = Info.plist; sourceTree = "<group>"; };
		184B69B7237408D400BEF610 /* main.m */ = {isa = PBXFileReference; lastKnownFileType = sourcecode.c.objc; path = main.m; sourceTree = "<group>"; };
		184B69BE23740A1E00BEF610 /* GlobalProperty.pch */ = {isa = PBXFileReference; lastKnownFileType = sourcecode.c.h; path = GlobalProperty.pch; sourceTree = "<group>"; };
		184B69BF23740B5100BEF610 /* KDMainVC.h */ = {isa = PBXFileReference; lastKnownFileType = sourcecode.c.h; path = KDMainVC.h; sourceTree = "<group>"; };
		184B69C023740B5100BEF610 /* KDMainVC.m */ = {isa = PBXFileReference; lastKnownFileType = sourcecode.c.objc; path = KDMainVC.m; sourceTree = "<group>"; };
		184B69C423740C2E00BEF610 /* KDBaseScrollView.h */ = {isa = PBXFileReference; lastKnownFileType = sourcecode.c.h; path = KDBaseScrollView.h; sourceTree = "<group>"; };
		184B69C523740C2E00BEF610 /* KDBaseScrollView.m */ = {isa = PBXFileReference; lastKnownFileType = sourcecode.c.objc; path = KDBaseScrollView.m; sourceTree = "<group>"; };
		184B69C723740C4E00BEF610 /* KDBaseTableView.h */ = {isa = PBXFileReference; lastKnownFileType = sourcecode.c.h; path = KDBaseTableView.h; sourceTree = "<group>"; };
		184B69C823740C4E00BEF610 /* KDBaseTableView.m */ = {isa = PBXFileReference; lastKnownFileType = sourcecode.c.objc; path = KDBaseTableView.m; sourceTree = "<group>"; };
		184B69CA23740C6300BEF610 /* KDBaseTableViewCell.h */ = {isa = PBXFileReference; lastKnownFileType = sourcecode.c.h; path = KDBaseTableViewCell.h; sourceTree = "<group>"; };
		184B69CB23740C6300BEF610 /* KDBaseTableViewCell.m */ = {isa = PBXFileReference; lastKnownFileType = sourcecode.c.objc; path = KDBaseTableViewCell.m; sourceTree = "<group>"; };
		184B69CD23740CA500BEF610 /* KDBaseCollectionView.h */ = {isa = PBXFileReference; lastKnownFileType = sourcecode.c.h; path = KDBaseCollectionView.h; sourceTree = "<group>"; };
		184B69CE23740CA500BEF610 /* KDBaseCollectionView.m */ = {isa = PBXFileReference; lastKnownFileType = sourcecode.c.objc; path = KDBaseCollectionView.m; sourceTree = "<group>"; };
		184B69D023740CC200BEF610 /* KDBaseCollectionViewCell.h */ = {isa = PBXFileReference; lastKnownFileType = sourcecode.c.h; path = KDBaseCollectionViewCell.h; sourceTree = "<group>"; };
		184B69D123740CC200BEF610 /* KDBaseCollectionViewCell.m */ = {isa = PBXFileReference; lastKnownFileType = sourcecode.c.objc; path = KDBaseCollectionViewCell.m; sourceTree = "<group>"; };
		184B69D42374188D00BEF610 /* KDLeftAlignedVC.h */ = {isa = PBXFileReference; lastKnownFileType = sourcecode.c.h; path = KDLeftAlignedVC.h; sourceTree = "<group>"; };
		184B69D52374188D00BEF610 /* KDLeftAlignedVC.m */ = {isa = PBXFileReference; lastKnownFileType = sourcecode.c.objc; path = KDLeftAlignedVC.m; sourceTree = "<group>"; };
		184B69D72374197300BEF610 /* KDLeftAlignedCell.h */ = {isa = PBXFileReference; lastKnownFileType = sourcecode.c.h; path = KDLeftAlignedCell.h; sourceTree = "<group>"; };
		184B69D82374197300BEF610 /* KDLeftAlignedCell.m */ = {isa = PBXFileReference; lastKnownFileType = sourcecode.c.objc; path = KDLeftAlignedCell.m; sourceTree = "<group>"; };
		184B69DA2374199400BEF610 /* KDLeftAlignedLayout.h */ = {isa = PBXFileReference; lastKnownFileType = sourcecode.c.h; path = KDLeftAlignedLayout.h; sourceTree = "<group>"; };
		184B69DB2374199400BEF610 /* KDLeftAlignedLayout.m */ = {isa = PBXFileReference; lastKnownFileType = sourcecode.c.objc; path = KDLeftAlignedLayout.m; sourceTree = "<group>"; };
		185B50A023753F44008996D1 /* OnScreenRenderVC.h */ = {isa = PBXFileReference; lastKnownFileType = sourcecode.c.h; path = OnScreenRenderVC.h; sourceTree = "<group>"; };
		185B50A123753F44008996D1 /* OnScreenRenderVC.m */ = {isa = PBXFileReference; lastKnownFileType = sourcecode.c.objc; path = OnScreenRenderVC.m; sourceTree = "<group>"; };
		185B50A323753F6C008996D1 /* OnScreenRenderCell.h */ = {isa = PBXFileReference; lastKnownFileType = sourcecode.c.h; path = OnScreenRenderCell.h; sourceTree = "<group>"; };
		185B50A423753F6C008996D1 /* OnScreenRenderCell.m */ = {isa = PBXFileReference; lastKnownFileType = sourcecode.c.objc; path = OnScreenRenderCell.m; sourceTree = "<group>"; };
		185B50A8237543D4008996D1 /* KDFpsLabel.h */ = {isa = PBXFileReference; lastKnownFileType = sourcecode.c.h; path = KDFpsLabel.h; sourceTree = "<group>"; };
		185B50A9237543D4008996D1 /* KDFpsLabel.m */ = {isa = PBXFileReference; lastKnownFileType = sourcecode.c.objc; path = KDFpsLabel.m; sourceTree = "<group>"; };
		185B50AC23754C1C008996D1 /* KDPerformanceUtil.h */ = {isa = PBXFileReference; lastKnownFileType = sourcecode.c.h; path = KDPerformanceUtil.h; sourceTree = "<group>"; };
		185B50AD23754C1C008996D1 /* KDPerformanceUtil.m */ = {isa = PBXFileReference; lastKnownFileType = sourcecode.c.objc; path = KDPerformanceUtil.m; sourceTree = "<group>"; };
		185B50B223756F5B008996D1 /* UIView+AddCorner.h */ = {isa = PBXFileReference; lastKnownFileType = sourcecode.c.h; path = "UIView+AddCorner.h"; sourceTree = "<group>"; };
		185B50B323756F5B008996D1 /* UIView+AddCorner.m */ = {isa = PBXFileReference; lastKnownFileType = sourcecode.c.objc; path = "UIView+AddCorner.m"; sourceTree = "<group>"; };
		185B50B523756FA7008996D1 /* OffScreenRenderCell.h */ = {isa = PBXFileReference; lastKnownFileType = sourcecode.c.h; path = OffScreenRenderCell.h; sourceTree = "<group>"; };
		185B50B623756FA7008996D1 /* OffScreenRenderCell.m */ = {isa = PBXFileReference; lastKnownFileType = sourcecode.c.objc; path = OffScreenRenderCell.m; sourceTree = "<group>"; };
		18A37D7423C428AC003C8C7B /* MyCustomModel.h */ = {isa = PBXFileReference; lastKnownFileType = sourcecode.c.h; path = MyCustomModel.h; sourceTree = "<group>"; };
		18A37D7523C428AC003C8C7B /* MyCustomModel.m */ = {isa = PBXFileReference; lastKnownFileType = sourcecode.c.objc; path = MyCustomModel.m; sourceTree = "<group>"; };
		18BBAC1B2387B4770033DDA5 /* BottomListVC.h */ = {isa = PBXFileReference; lastKnownFileType = sourcecode.c.h; path = BottomListVC.h; sourceTree = "<group>"; };
		18BBAC1C2387B4770033DDA5 /* BottomListVC.m */ = {isa = PBXFileReference; lastKnownFileType = sourcecode.c.objc; path = BottomListVC.m; sourceTree = "<group>"; };
		18BBAC1E2387B48C0033DDA5 /* BottomListView.h */ = {isa = PBXFileReference; lastKnownFileType = sourcecode.c.h; path = BottomListView.h; sourceTree = "<group>"; };
		18BBAC1F2387B48C0033DDA5 /* BottomListView.m */ = {isa = PBXFileReference; lastKnownFileType = sourcecode.c.objc; path = BottomListView.m; sourceTree = "<group>"; };
		18BBAC222387C7020033DDA5 /* KDWeChatCameraVC.h */ = {isa = PBXFileReference; lastKnownFileType = sourcecode.c.h; path = KDWeChatCameraVC.h; sourceTree = "<group>"; };
		18BBAC232387C7020033DDA5 /* KDWeChatCameraVC.m */ = {isa = PBXFileReference; lastKnownFileType = sourcecode.c.objc; path = KDWeChatCameraVC.m; sourceTree = "<group>"; };
		18BBAC2E2387D4040033DDA5 /* KDWeChatPhotoPreviewView.h */ = {isa = PBXFileReference; lastKnownFileType = sourcecode.c.h; path = KDWeChatPhotoPreviewView.h; sourceTree = "<group>"; };
		18BBAC2F2387D4040033DDA5 /* KDWeChatPhotoPreviewView.m */ = {isa = PBXFileReference; lastKnownFileType = sourcecode.c.objc; path = KDWeChatPhotoPreviewView.m; sourceTree = "<group>"; };
		18BBAC312387D41A0033DDA5 /* KDWeChatCaptureButton.h */ = {isa = PBXFileReference; lastKnownFileType = sourcecode.c.h; path = KDWeChatCaptureButton.h; sourceTree = "<group>"; };
		18BBAC322387D41A0033DDA5 /* KDWeChatCaptureButton.m */ = {isa = PBXFileReference; lastKnownFileType = sourcecode.c.objc; path = KDWeChatCaptureButton.m; sourceTree = "<group>"; };
		18BBAC342387D5AE0033DDA5 /* KDWeChatVideoPreviewVC.h */ = {isa = PBXFileReference; lastKnownFileType = sourcecode.c.h; path = KDWeChatVideoPreviewVC.h; sourceTree = "<group>"; };
		18BBAC352387D5AE0033DDA5 /* KDWeChatVideoPreviewVC.m */ = {isa = PBXFileReference; lastKnownFileType = sourcecode.c.objc; path = KDWeChatVideoPreviewVC.m; sourceTree = "<group>"; };
		634C6F0B7E4AF57F6F6ADCC8 /* Pods-Functions.release.xcconfig */ = {isa = PBXFileReference; includeInIndex = 1; lastKnownFileType = text.xcconfig; name = "Pods-Functions.release.xcconfig"; path = "Target Support Files/Pods-Functions/Pods-Functions.release.xcconfig"; sourceTree = "<group>"; };
		6B241CB6E097E9B28968564C /* Pods-Functions.debug.xcconfig */ = {isa = PBXFileReference; includeInIndex = 1; lastKnownFileType = text.xcconfig; name = "Pods-Functions.debug.xcconfig"; path = "Target Support Files/Pods-Functions/Pods-Functions.debug.xcconfig"; sourceTree = "<group>"; };
		CF8D97FC102A8DF767311BD0 /* Pods_Functions.framework */ = {isa = PBXFileReference; explicitFileType = wrapper.framework; includeInIndex = 0; path = Pods_Functions.framework; sourceTree = BUILT_PRODUCTS_DIR; };
/* End PBXFileReference section */

/* Begin PBXFrameworksBuildPhase section */
		184B69A2237408D300BEF610 /* Frameworks */ = {
			isa = PBXFrameworksBuildPhase;
			buildActionMask = 2147483647;
			files = (
				F834226F71EF0617D83DB11E /* Pods_Functions.framework in Frameworks */,
			);
			runOnlyForDeploymentPostprocessing = 0;
		};
/* End PBXFrameworksBuildPhase section */

/* Begin PBXGroup section */
		184B699C237408D300BEF610 = {
			isa = PBXGroup;
			children = (
				184B69A7237408D300BEF610 /* Functions */,
				184B69A6237408D300BEF610 /* Products */,
				67877CDE8B2A18359CA2B645 /* Pods */,
				9AEAF25D18A5E3521F891DFC /* Frameworks */,
			);
			sourceTree = "<group>";
		};
		184B69A6237408D300BEF610 /* Products */ = {
			isa = PBXGroup;
			children = (
				184B69A5237408D300BEF610 /* Functions.app */,
			);
			name = Products;
			sourceTree = "<group>";
		};
		184B69A7237408D300BEF610 /* Functions */ = {
			isa = PBXGroup;
			children = (
				184B69A8237408D300BEF610 /* AppDelegate.h */,
				184B69A9237408D300BEF610 /* AppDelegate.m */,
				185B50A623754383008996D1 /* Base */,
				184B69C223740BC300BEF610 /* Main */,
				184B69D3237417BA00BEF610 /* LeftAlignedCollectionView */,
				185B509F23753F08008996D1 /* OnScreenRender */,
				18BBAC1A2387B43F0033DDA5 /* ListView */,
				18BBAC212387C6E10033DDA5 /* Camera */,
				184B69B1237408D400BEF610 /* Assets.xcassets */,
				184B69B3237408D400BEF610 /* LaunchScreen.storyboard */,
				184B69BE23740A1E00BEF610 /* GlobalProperty.pch */,
				184B69B6237408D400BEF610 /* Info.plist */,
				184B69B7237408D400BEF610 /* main.m */,
			);
			path = Functions;
			sourceTree = "<group>";
		};
		184B69C223740BC300BEF610 /* Main */ = {
			isa = PBXGroup;
			children = (
				184B69BF23740B5100BEF610 /* KDMainVC.h */,
				184B69C023740B5100BEF610 /* KDMainVC.m */,
			);
			path = Main;
			sourceTree = "<group>";
		};
		184B69C323740C1200BEF610 /* View */ = {
			isa = PBXGroup;
			children = (
				184B69C423740C2E00BEF610 /* KDBaseScrollView.h */,
				184B69C523740C2E00BEF610 /* KDBaseScrollView.m */,
				184B69C723740C4E00BEF610 /* KDBaseTableView.h */,
				184B69C823740C4E00BEF610 /* KDBaseTableView.m */,
				184B69CA23740C6300BEF610 /* KDBaseTableViewCell.h */,
				184B69CB23740C6300BEF610 /* KDBaseTableViewCell.m */,
				184B69CD23740CA500BEF610 /* KDBaseCollectionView.h */,
				184B69CE23740CA500BEF610 /* KDBaseCollectionView.m */,
				184B69D023740CC200BEF610 /* KDBaseCollectionViewCell.h */,
				184B69D123740CC200BEF610 /* KDBaseCollectionViewCell.m */,
			);
			path = View;
			sourceTree = "<group>";
		};
		184B69D3237417BA00BEF610 /* LeftAlignedCollectionView */ = {
			isa = PBXGroup;
			children = (
				184B69D42374188D00BEF610 /* KDLeftAlignedVC.h */,
				184B69D52374188D00BEF610 /* KDLeftAlignedVC.m */,
				184B69D72374197300BEF610 /* KDLeftAlignedCell.h */,
				184B69D82374197300BEF610 /* KDLeftAlignedCell.m */,
				184B69DA2374199400BEF610 /* KDLeftAlignedLayout.h */,
				184B69DB2374199400BEF610 /* KDLeftAlignedLayout.m */,
			);
			path = LeftAlignedCollectionView;
			sourceTree = "<group>";
		};
		185B509F23753F08008996D1 /* OnScreenRender */ = {
			isa = PBXGroup;
			children = (
				185B50A023753F44008996D1 /* OnScreenRenderVC.h */,
				185B50A123753F44008996D1 /* OnScreenRenderVC.m */,
				185B50A323753F6C008996D1 /* OnScreenRenderCell.h */,
				185B50A423753F6C008996D1 /* OnScreenRenderCell.m */,
				185B50B523756FA7008996D1 /* OffScreenRenderCell.h */,
				185B50B623756FA7008996D1 /* OffScreenRenderCell.m */,
			);
			path = OnScreenRender;
			sourceTree = "<group>";
		};
		185B50A623754383008996D1 /* Base */ = {
			isa = PBXGroup;
			children = (
				18443DF12374FBC400B37AD8 /* KDBaseViewController.h */,
				18443DF22374FBC400B37AD8 /* KDBaseViewController.m */,
				185B50AB2375440D008996D1 /* Tool */,
				185B50A7237543AC008996D1 /* Category */,
				184B69C323740C1200BEF610 /* View */,
			);
			path = Base;
			sourceTree = "<group>";
		};
		185B50A7237543AC008996D1 /* Category */ = {
			isa = PBXGroup;
			children = (
				185B50B223756F5B008996D1 /* UIView+AddCorner.h */,
				185B50B323756F5B008996D1 /* UIView+AddCorner.m */,
			);
			path = Category;
			sourceTree = "<group>";
		};
		185B50AB2375440D008996D1 /* Tool */ = {
			isa = PBXGroup;
			children = (
				185B50A8237543D4008996D1 /* KDFpsLabel.h */,
				185B50A9237543D4008996D1 /* KDFpsLabel.m */,
				185B50AC23754C1C008996D1 /* KDPerformanceUtil.h */,
				185B50AD23754C1C008996D1 /* KDPerformanceUtil.m */,
			);
			path = Tool;
			sourceTree = "<group>";
		};
		18BBAC1A2387B43F0033DDA5 /* ListView */ = {
			isa = PBXGroup;
			children = (
				18BBAC1B2387B4770033DDA5 /* BottomListVC.h */,
				18BBAC1C2387B4770033DDA5 /* BottomListVC.m */,
				18BBAC1E2387B48C0033DDA5 /* BottomListView.h */,
				18BBAC1F2387B48C0033DDA5 /* BottomListView.m */,
			);
			path = ListView;
			sourceTree = "<group>";
		};
		18BBAC212387C6E10033DDA5 /* Camera */ = {
			isa = PBXGroup;
			children = (
				18BBAC222387C7020033DDA5 /* KDWeChatCameraVC.h */,
				18BBAC232387C7020033DDA5 /* KDWeChatCameraVC.m */,
				18BBAC2E2387D4040033DDA5 /* KDWeChatPhotoPreviewView.h */,
				18BBAC2F2387D4040033DDA5 /* KDWeChatPhotoPreviewView.m */,
				18BBAC342387D5AE0033DDA5 /* KDWeChatVideoPreviewVC.h */,
				18BBAC352387D5AE0033DDA5 /* KDWeChatVideoPreviewVC.m */,
				18BBAC312387D41A0033DDA5 /* KDWeChatCaptureButton.h */,
				18BBAC322387D41A0033DDA5 /* KDWeChatCaptureButton.m */,
				18A37D7423C428AC003C8C7B /* MyCustomModel.h */,
				18A37D7523C428AC003C8C7B /* MyCustomModel.m */,
			);
			path = Camera;
			sourceTree = "<group>";
		};
		67877CDE8B2A18359CA2B645 /* Pods */ = {
			isa = PBXGroup;
			children = (
				6B241CB6E097E9B28968564C /* Pods-Functions.debug.xcconfig */,
				634C6F0B7E4AF57F6F6ADCC8 /* Pods-Functions.release.xcconfig */,
			);
			path = Pods;
			sourceTree = "<group>";
		};
		9AEAF25D18A5E3521F891DFC /* Frameworks */ = {
			isa = PBXGroup;
			children = (
				CF8D97FC102A8DF767311BD0 /* Pods_Functions.framework */,
			);
			name = Frameworks;
			sourceTree = "<group>";
		};
/* End PBXGroup section */

/* Begin PBXNativeTarget section */
		184B69A4237408D300BEF610 /* Functions */ = {
			isa = PBXNativeTarget;
			buildConfigurationList = 184B69BB237408D400BEF610 /* Build configuration list for PBXNativeTarget "Functions" */;
			buildPhases = (
				61A6DB1AF2543B8B64ED0703 /* [CP] Check Pods Manifest.lock */,
				184B69A1237408D300BEF610 /* Sources */,
				184B69A2237408D300BEF610 /* Frameworks */,
				184B69A3237408D300BEF610 /* Resources */,
				C8ADDBE43C27DDE651D5E6E9 /* [CP] Embed Pods Frameworks */,
			);
			buildRules = (
			);
			dependencies = (
			);
			name = Functions;
			productName = Functions;
			productReference = 184B69A5237408D300BEF610 /* Functions.app */;
			productType = "com.apple.product-type.application";
		};
/* End PBXNativeTarget section */

/* Begin PBXProject section */
		184B699D237408D300BEF610 /* Project object */ = {
			isa = PBXProject;
			attributes = {
				LastUpgradeCheck = 1020;
				ORGANIZATIONNAME = FanKD;
				TargetAttributes = {
					184B69A4237408D300BEF610 = {
						CreatedOnToolsVersion = 10.2.1;
					};
				};
			};
			buildConfigurationList = 184B69A0237408D300BEF610 /* Build configuration list for PBXProject "Functions" */;
			compatibilityVersion = "Xcode 9.3";
			developmentRegion = en;
			hasScannedForEncodings = 0;
			knownRegions = (
				en,
				Base,
			);
			mainGroup = 184B699C237408D300BEF610;
			productRefGroup = 184B69A6237408D300BEF610 /* Products */;
			projectDirPath = "";
			projectRoot = "";
			targets = (
				184B69A4237408D300BEF610 /* Functions */,
			);
		};
/* End PBXProject section */

/* Begin PBXResourcesBuildPhase section */
		184B69A3237408D300BEF610 /* Resources */ = {
			isa = PBXResourcesBuildPhase;
			buildActionMask = 2147483647;
			files = (
				184B69B5237408D400BEF610 /* LaunchScreen.storyboard in Resources */,
				184B69B2237408D400BEF610 /* Assets.xcassets in Resources */,
			);
			runOnlyForDeploymentPostprocessing = 0;
		};
/* End PBXResourcesBuildPhase section */

/* Begin PBXShellScriptBuildPhase section */
		61A6DB1AF2543B8B64ED0703 /* [CP] Check Pods Manifest.lock */ = {
			isa = PBXShellScriptBuildPhase;
			buildActionMask = 2147483647;
			files = (
			);
			inputFileListPaths = (
			);
			inputPaths = (
				"${PODS_PODFILE_DIR_PATH}/Podfile.lock",
				"${PODS_ROOT}/Manifest.lock",
			);
			name = "[CP] Check Pods Manifest.lock";
			outputFileListPaths = (
			);
			outputPaths = (
				"$(DERIVED_FILE_DIR)/Pods-Functions-checkManifestLockResult.txt",
			);
			runOnlyForDeploymentPostprocessing = 0;
			shellPath = /bin/sh;
			shellScript = "diff \"${PODS_PODFILE_DIR_PATH}/Podfile.lock\" \"${PODS_ROOT}/Manifest.lock\" > /dev/null\nif [ $? != 0 ] ; then\n    # print error to STDERR\n    echo \"error: The sandbox is not in sync with the Podfile.lock. Run 'pod install' or update your CocoaPods installation.\" >&2\n    exit 1\nfi\n# This output is used by Xcode 'outputs' to avoid re-running this script phase.\necho \"SUCCESS\" > \"${SCRIPT_OUTPUT_FILE_0}\"\n";
			showEnvVarsInLog = 0;
		};
		C8ADDBE43C27DDE651D5E6E9 /* [CP] Embed Pods Frameworks */ = {
			isa = PBXShellScriptBuildPhase;
			buildActionMask = 2147483647;
			files = (
			);
			inputFileListPaths = (
			);
			name = "[CP] Embed Pods Frameworks";
			outputFileListPaths = (
			);
			runOnlyForDeploymentPostprocessing = 0;
			shellPath = /bin/sh;
			shellScript = "\"${PODS_ROOT}/Target Support Files/Pods-Functions/Pods-Functions-frameworks.sh\"\n";
			showEnvVarsInLog = 0;
		};
/* End PBXShellScriptBuildPhase section */

/* Begin PBXSourcesBuildPhase section */
		184B69A1237408D300BEF610 /* Sources */ = {
			isa = PBXSourcesBuildPhase;
			buildActionMask = 2147483647;
			files = (
				18BBAC362387D5AE0033DDA5 /* KDWeChatVideoPreviewVC.m in Sources */,
				184B69B8237408D400BEF610 /* main.m in Sources */,
				185B50AA237543D4008996D1 /* KDFpsLabel.m in Sources */,
				18A37D7623C428AC003C8C7B /* MyCustomModel.m in Sources */,
				18BBAC1D2387B4770033DDA5 /* BottomListVC.m in Sources */,
				18BBAC202387B48C0033DDA5 /* BottomListView.m in Sources */,
				184B69CF23740CA500BEF610 /* KDBaseCollectionView.m in Sources */,
				18BBAC302387D4040033DDA5 /* KDWeChatPhotoPreviewView.m in Sources */,
				185B50A223753F44008996D1 /* OnScreenRenderVC.m in Sources */,
				184B69C623740C2E00BEF610 /* KDBaseScrollView.m in Sources */,
				18BBAC332387D41A0033DDA5 /* KDWeChatCaptureButton.m in Sources */,
				184B69C923740C4E00BEF610 /* KDBaseTableView.m in Sources */,
				184B69D92374197300BEF610 /* KDLeftAlignedCell.m in Sources */,
				184B69D62374188D00BEF610 /* KDLeftAlignedVC.m in Sources */,
				18BBAC242387C7020033DDA5 /* KDWeChatCameraVC.m in Sources */,
				18443DF32374FBC400B37AD8 /* KDBaseViewController.m in Sources */,
				185B50A523753F6C008996D1 /* OnScreenRenderCell.m in Sources */,
				184B69CC23740C6300BEF610 /* KDBaseTableViewCell.m in Sources */,
				185B50B423756F5B008996D1 /* UIView+AddCorner.m in Sources */,
				184B69AA237408D300BEF610 /* AppDelegate.m in Sources */,
				184B69D223740CC200BEF610 /* KDBaseCollectionViewCell.m in Sources */,
				185B50AE23754C1C008996D1 /* KDPerformanceUtil.m in Sources */,
				184B69DC2374199400BEF610 /* KDLeftAlignedLayout.m in Sources */,
				184B69C123740B5100BEF610 /* KDMainVC.m in Sources */,
				185B50B723756FA7008996D1 /* OffScreenRenderCell.m in Sources */,
			);
			runOnlyForDeploymentPostprocessing = 0;
		};
/* End PBXSourcesBuildPhase section */

/* Begin PBXVariantGroup section */
		184B69B3237408D400BEF610 /* LaunchScreen.storyboard */ = {
			isa = PBXVariantGroup;
			children = (
				184B69B4237408D400BEF610 /* Base */,
			);
			name = LaunchScreen.storyboard;
			sourceTree = "<group>";
		};
/* End PBXVariantGroup section */

/* Begin XCBuildConfiguration section */
		184B69B9237408D400BEF610 /* Debug */ = {
			isa = XCBuildConfiguration;
			buildSettings = {
				ALWAYS_SEARCH_USER_PATHS = NO;
				CLANG_ANALYZER_NONNULL = YES;
				CLANG_ANALYZER_NUMBER_OBJECT_CONVERSION = YES_AGGRESSIVE;
				CLANG_CXX_LANGUAGE_STANDARD = "gnu++14";
				CLANG_CXX_LIBRARY = "libc++";
				CLANG_ENABLE_MODULES = YES;
				CLANG_ENABLE_OBJC_ARC = YES;
				CLANG_ENABLE_OBJC_WEAK = YES;
				CLANG_WARN_BLOCK_CAPTURE_AUTORELEASING = YES;
				CLANG_WARN_BOOL_CONVERSION = YES;
				CLANG_WARN_COMMA = YES;
				CLANG_WARN_CONSTANT_CONVERSION = YES;
				CLANG_WARN_DEPRECATED_OBJC_IMPLEMENTATIONS = YES;
				CLANG_WARN_DIRECT_OBJC_ISA_USAGE = YES_ERROR;
				CLANG_WARN_DOCUMENTATION_COMMENTS = YES;
				CLANG_WARN_EMPTY_BODY = YES;
				CLANG_WARN_ENUM_CONVERSION = YES;
				CLANG_WARN_INFINITE_RECURSION = YES;
				CLANG_WARN_INT_CONVERSION = YES;
				CLANG_WARN_NON_LITERAL_NULL_CONVERSION = YES;
				CLANG_WARN_OBJC_IMPLICIT_RETAIN_SELF = YES;
				CLANG_WARN_OBJC_LITERAL_CONVERSION = YES;
				CLANG_WARN_OBJC_ROOT_CLASS = YES_ERROR;
				CLANG_WARN_RANGE_LOOP_ANALYSIS = YES;
				CLANG_WARN_STRICT_PROTOTYPES = YES;
				CLANG_WARN_SUSPICIOUS_MOVE = YES;
				CLANG_WARN_UNGUARDED_AVAILABILITY = YES_AGGRESSIVE;
				CLANG_WARN_UNREACHABLE_CODE = YES;
				CLANG_WARN__DUPLICATE_METHOD_MATCH = YES;
				CODE_SIGN_IDENTITY = "iPhone Developer";
				COPY_PHASE_STRIP = NO;
				DEBUG_INFORMATION_FORMAT = dwarf;
				ENABLE_STRICT_OBJC_MSGSEND = YES;
				ENABLE_TESTABILITY = YES;
				GCC_C_LANGUAGE_STANDARD = gnu11;
				GCC_DYNAMIC_NO_PIC = NO;
				GCC_NO_COMMON_BLOCKS = YES;
				GCC_OPTIMIZATION_LEVEL = 0;
				GCC_PREPROCESSOR_DEFINITIONS = (
					"DEBUG=1",
					"$(inherited)",
				);
				GCC_WARN_64_TO_32_BIT_CONVERSION = YES;
				GCC_WARN_ABOUT_RETURN_TYPE = YES_ERROR;
				GCC_WARN_UNDECLARED_SELECTOR = YES;
				GCC_WARN_UNINITIALIZED_AUTOS = YES_AGGRESSIVE;
				GCC_WARN_UNUSED_FUNCTION = YES;
				GCC_WARN_UNUSED_VARIABLE = YES;
				IPHONEOS_DEPLOYMENT_TARGET = 12.2;
				MTL_ENABLE_DEBUG_INFO = INCLUDE_SOURCE;
				MTL_FAST_MATH = YES;
				ONLY_ACTIVE_ARCH = YES;
				SDKROOT = iphoneos;
			};
			name = Debug;
		};
		184B69BA237408D400BEF610 /* Release */ = {
			isa = XCBuildConfiguration;
			buildSettings = {
				ALWAYS_SEARCH_USER_PATHS = NO;
				CLANG_ANALYZER_NONNULL = YES;
				CLANG_ANALYZER_NUMBER_OBJECT_CONVERSION = YES_AGGRESSIVE;
				CLANG_CXX_LANGUAGE_STANDARD = "gnu++14";
				CLANG_CXX_LIBRARY = "libc++";
				CLANG_ENABLE_MODULES = YES;
				CLANG_ENABLE_OBJC_ARC = YES;
				CLANG_ENABLE_OBJC_WEAK = YES;
				CLANG_WARN_BLOCK_CAPTURE_AUTORELEASING = YES;
				CLANG_WARN_BOOL_CONVERSION = YES;
				CLANG_WARN_COMMA = YES;
				CLANG_WARN_CONSTANT_CONVERSION = YES;
				CLANG_WARN_DEPRECATED_OBJC_IMPLEMENTATIONS = YES;
				CLANG_WARN_DIRECT_OBJC_ISA_USAGE = YES_ERROR;
				CLANG_WARN_DOCUMENTATION_COMMENTS = YES;
				CLANG_WARN_EMPTY_BODY = YES;
				CLANG_WARN_ENUM_CONVERSION = YES;
				CLANG_WARN_INFINITE_RECURSION = YES;
				CLANG_WARN_INT_CONVERSION = YES;
				CLANG_WARN_NON_LITERAL_NULL_CONVERSION = YES;
				CLANG_WARN_OBJC_IMPLICIT_RETAIN_SELF = YES;
				CLANG_WARN_OBJC_LITERAL_CONVERSION = YES;
				CLANG_WARN_OBJC_ROOT_CLASS = YES_ERROR;
				CLANG_WARN_RANGE_LOOP_ANALYSIS = YES;
				CLANG_WARN_STRICT_PROTOTYPES = YES;
				CLANG_WARN_SUSPICIOUS_MOVE = YES;
				CLANG_WARN_UNGUARDED_AVAILABILITY = YES_AGGRESSIVE;
				CLANG_WARN_UNREACHABLE_CODE = YES;
				CLANG_WARN__DUPLICATE_METHOD_MATCH = YES;
				CODE_SIGN_IDENTITY = "iPhone Developer";
				COPY_PHASE_STRIP = NO;
				DEBUG_INFORMATION_FORMAT = "dwarf-with-dsym";
				ENABLE_NS_ASSERTIONS = NO;
				ENABLE_STRICT_OBJC_MSGSEND = YES;
				GCC_C_LANGUAGE_STANDARD = gnu11;
				GCC_NO_COMMON_BLOCKS = YES;
				GCC_WARN_64_TO_32_BIT_CONVERSION = YES;
				GCC_WARN_ABOUT_RETURN_TYPE = YES_ERROR;
				GCC_WARN_UNDECLARED_SELECTOR = YES;
				GCC_WARN_UNINITIALIZED_AUTOS = YES_AGGRESSIVE;
				GCC_WARN_UNUSED_FUNCTION = YES;
				GCC_WARN_UNUSED_VARIABLE = YES;
				IPHONEOS_DEPLOYMENT_TARGET = 12.2;
				MTL_ENABLE_DEBUG_INFO = NO;
				MTL_FAST_MATH = YES;
				SDKROOT = iphoneos;
				VALIDATE_PRODUCT = YES;
			};
			name = Release;
		};
		184B69BC237408D400BEF610 /* Debug */ = {
			isa = XCBuildConfiguration;
			baseConfigurationReference = 6B241CB6E097E9B28968564C /* Pods-Functions.debug.xcconfig */;
			buildSettings = {
				ASSETCATALOG_COMPILER_APPICON_NAME = AppIcon;
				CODE_SIGN_STYLE = Automatic;
				DEVELOPMENT_TEAM = VW8U9YA9E8;
				GCC_PREFIX_HEADER = Functions/GlobalProperty.pch;
				INFOPLIST_FILE = Functions/Info.plist;
				IPHONEOS_DEPLOYMENT_TARGET = 9.0;
				LD_RUNPATH_SEARCH_PATHS = (
					"$(inherited)",
					"@executable_path/Frameworks",
				);
				PRODUCT_BUNDLE_IDENTIFIER = com.functions.test.Functions;
				PRODUCT_NAME = "$(TARGET_NAME)";
				TARGETED_DEVICE_FAMILY = 1;
			};
			name = Debug;
		};
		184B69BD237408D400BEF610 /* Release */ = {
			isa = XCBuildConfiguration;
			baseConfigurationReference = 634C6F0B7E4AF57F6F6ADCC8 /* Pods-Functions.release.xcconfig */;
			buildSettings = {
				ASSETCATALOG_COMPILER_APPICON_NAME = AppIcon;
				CODE_SIGN_STYLE = Automatic;
				DEVELOPMENT_TEAM = VW8U9YA9E8;
				GCC_PREFIX_HEADER = Functions/GlobalProperty.pch;
				INFOPLIST_FILE = Functions/Info.plist;
				IPHONEOS_DEPLOYMENT_TARGET = 9.0;
				LD_RUNPATH_SEARCH_PATHS = (
					"$(inherited)",
					"@executable_path/Frameworks",
				);
				PRODUCT_BUNDLE_IDENTIFIER = com.functions.test.Functions;
				PRODUCT_NAME = "$(TARGET_NAME)";
				TARGETED_DEVICE_FAMILY = 1;
			};
			name = Release;
		};
/* End XCBuildConfiguration section */

/* Begin XCConfigurationList section */
		184B69A0237408D300BEF610 /* Build configuration list for PBXProject "Functions" */ = {
			isa = XCConfigurationList;
			buildConfigurations = (
				184B69B9237408D400BEF610 /* Debug */,
				184B69BA237408D400BEF610 /* Release */,
			);
			defaultConfigurationIsVisible = 0;
			defaultConfigurationName = Release;
		};
		184B69BB237408D400BEF610 /* Build configuration list for PBXNativeTarget "Functions" */ = {
			isa = XCConfigurationList;
			buildConfigurations = (
				184B69BC237408D400BEF610 /* Debug */,
				184B69BD237408D400BEF610 /* Release */,
			);
			defaultConfigurationIsVisible = 0;
			defaultConfigurationName = Release;
		};
/* End XCConfigurationList section */
	};
	rootObject = 184B699D237408D300BEF610 /* Project object */;
}
